// !$*UTF8*$!
{
	archiveVersion = 1;
	classes = {
	};
	objectVersion = 48;
	objects = {

/* Begin PBXBuildFile section */
		5C015F051F6F6FA8006015FC /* DetailListViewModel.swift in Sources */ = {isa = PBXBuildFile; fileRef = 5C015F041F6F6FA8006015FC /* DetailListViewModel.swift */; };
		5C015F071F6F7BA6006015FC /* DetailListTableViewCell.swift in Sources */ = {isa = PBXBuildFile; fileRef = 5C015F061F6F7BA6006015FC /* DetailListTableViewCell.swift */; };
		5C015F091F6FAAF5006015FC /* DetailListViewModelController.swift in Sources */ = {isa = PBXBuildFile; fileRef = 5C015F081F6FAAF5006015FC /* DetailListViewModelController.swift */; };
		5C015F0B1F6FB3D5006015FC /* Assets.xcassets in Resources */ = {isa = PBXBuildFile; fileRef = 5C015F0A1F6FAFA0006015FC /* Assets.xcassets */; };
		5C015F0D1F70CBCD006015FC /* Constans.swift in Sources */ = {isa = PBXBuildFile; fileRef = 5C015F0C1F70CBCD006015FC /* Constans.swift */; };
		5C1292411F6A349800B28D60 /* MainListTableViewCell.swift in Sources */ = {isa = PBXBuildFile; fileRef = 5C1292401F6A349800B28D60 /* MainListTableViewCell.swift */; };
		5C1292431F6A353700B28D60 /* MainListViewModel.swift in Sources */ = {isa = PBXBuildFile; fileRef = 5C1292421F6A353700B28D60 /* MainListViewModel.swift */; };
		5C1292451F6A36EC00B28D60 /* MainListViewModelController.swift in Sources */ = {isa = PBXBuildFile; fileRef = 5C1292441F6A36EC00B28D60 /* MainListViewModelController.swift */; };
		5C1292471F6A5E7300B28D60 /* MainListLocalDataManager.swift in Sources */ = {isa = PBXBuildFile; fileRef = 5C1292461F6A5E7300B28D60 /* MainListLocalDataManager.swift */; };
		5C1292571F6A7A2800B28D60 /* MainListTests.swift in Sources */ = {isa = PBXBuildFile; fileRef = 5C1292561F6A7A2800B28D60 /* MainListTests.swift */; };
		5C12925E1F6A7A2E00B28D60 /* MainListViewModelTests.swift in Sources */ = {isa = PBXBuildFile; fileRef = 5C1292481F6A718800B28D60 /* MainListViewModelTests.swift */; };
		5CC058241F6E6B2C00DBFF3A /* NetworkProvider.swift in Sources */ = {isa = PBXBuildFile; fileRef = 5CC058231F6E6B2C00DBFF3A /* NetworkProvider.swift */; };
		5CC058261F6E6BA900DBFF3A /* JSONItem.swift in Sources */ = {isa = PBXBuildFile; fileRef = 5CC058251F6E6BA900DBFF3A /* JSONItem.swift */; };
		5CC05A071F6E9D6D00DBFF3A /* DetailTableViewController.swift in Sources */ = {isa = PBXBuildFile; fileRef = 5CC05A061F6E9D6D00DBFF3A /* DetailTableViewController.swift */; };
		5CC05A0D1F6EAA7000DBFF3A /* ServerControlledReader.xcdatamodeld in Sources */ = {isa = PBXBuildFile; fileRef = 5CC8E15D1F68E04800E47741 /* ServerControlledReader.xcdatamodeld */; };
		5CC8E1571F68E04800E47741 /* AppDelegate.swift in Sources */ = {isa = PBXBuildFile; fileRef = 5CC8E1561F68E04800E47741 /* AppDelegate.swift */; };
		5CC8E15C1F68E04800E47741 /* Main.storyboard in Resources */ = {isa = PBXBuildFile; fileRef = 5CC8E15A1F68E04800E47741 /* Main.storyboard */; };
		5CC8E15F1F68E04800E47741 /* ServerControlledReader.xcdatamodeld in Sources */ = {isa = PBXBuildFile; fileRef = 5CC8E15D1F68E04800E47741 /* ServerControlledReader.xcdatamodeld */; };
		5CC8E1641F68E04800E47741 /* LaunchScreen.storyboard in Resources */ = {isa = PBXBuildFile; fileRef = 5CC8E1621F68E04800E47741 /* LaunchScreen.storyboard */; };
		5CC8E16F1F68E04800E47741 /* ServerControlledReaderTests.swift in Sources */ = {isa = PBXBuildFile; fileRef = 5CC8E16E1F68E04800E47741 /* ServerControlledReaderTests.swift */; };
		5CC8E17A1F68E04800E47741 /* ServerControlledReaderUITests.swift in Sources */ = {isa = PBXBuildFile; fileRef = 5CC8E1791F68E04800E47741 /* ServerControlledReaderUITests.swift */; };
		5CC8E1881F68E0E100E47741 /* MainListTableViewController.swift in Sources */ = {isa = PBXBuildFile; fileRef = 5CC8E1871F68E0E100E47741 /* MainListTableViewController.swift */; };
/* End PBXBuildFile section */

/* Begin PBXContainerItemProxy section */
		5C1292591F6A7A2800B28D60 /* PBXContainerItemProxy */ = {
			isa = PBXContainerItemProxy;
			containerPortal = 5CC8E14B1F68E04800E47741 /* Project object */;
			proxyType = 1;
			remoteGlobalIDString = 5CC8E1521F68E04800E47741;
			remoteInfo = ServerControlledReader;
		};
		5CC8E16B1F68E04800E47741 /* PBXContainerItemProxy */ = {
			isa = PBXContainerItemProxy;
			containerPortal = 5CC8E14B1F68E04800E47741 /* Project object */;
			proxyType = 1;
			remoteGlobalIDString = 5CC8E1521F68E04800E47741;
			remoteInfo = ServerControlledReader;
		};
		5CC8E1761F68E04800E47741 /* PBXContainerItemProxy */ = {
			isa = PBXContainerItemProxy;
			containerPortal = 5CC8E14B1F68E04800E47741 /* Project object */;
			proxyType = 1;
			remoteGlobalIDString = 5CC8E1521F68E04800E47741;
			remoteInfo = ServerControlledReader;
		};
/* End PBXContainerItemProxy section */

/* Begin PBXFileReference section */
		5C015F041F6F6FA8006015FC /* DetailListViewModel.swift */ = {isa = PBXFileReference; lastKnownFileType = sourcecode.swift; path = DetailListViewModel.swift; sourceTree = "<group>"; };
		5C015F061F6F7BA6006015FC /* DetailListTableViewCell.swift */ = {isa = PBXFileReference; lastKnownFileType = sourcecode.swift; path = DetailListTableViewCell.swift; sourceTree = "<group>"; };
		5C015F081F6FAAF5006015FC /* DetailListViewModelController.swift */ = {isa = PBXFileReference; lastKnownFileType = sourcecode.swift; path = DetailListViewModelController.swift; sourceTree = "<group>"; };
		5C015F0A1F6FAFA0006015FC /* Assets.xcassets */ = {isa = PBXFileReference; lastKnownFileType = folder.assetcatalog; path = Assets.xcassets; sourceTree = "<group>"; };
		5C015F0C1F70CBCD006015FC /* Constans.swift */ = {isa = PBXFileReference; lastKnownFileType = sourcecode.swift; path = Constans.swift; sourceTree = "<group>"; };
		5C1292401F6A349800B28D60 /* MainListTableViewCell.swift */ = {isa = PBXFileReference; lastKnownFileType = sourcecode.swift; path = MainListTableViewCell.swift; sourceTree = "<group>"; };
		5C1292421F6A353700B28D60 /* MainListViewModel.swift */ = {isa = PBXFileReference; lastKnownFileType = sourcecode.swift; path = MainListViewModel.swift; sourceTree = "<group>"; };
		5C1292441F6A36EC00B28D60 /* MainListViewModelController.swift */ = {isa = PBXFileReference; lastKnownFileType = sourcecode.swift; path = MainListViewModelController.swift; sourceTree = "<group>"; };
		5C1292461F6A5E7300B28D60 /* MainListLocalDataManager.swift */ = {isa = PBXFileReference; lastKnownFileType = sourcecode.swift; path = MainListLocalDataManager.swift; sourceTree = "<group>"; };
		5C1292481F6A718800B28D60 /* MainListViewModelTests.swift */ = {isa = PBXFileReference; lastKnownFileType = sourcecode.swift; path = MainListViewModelTests.swift; sourceTree = "<group>"; };
		5C1292541F6A7A2800B28D60 /* MainListTests.xctest */ = {isa = PBXFileReference; explicitFileType = wrapper.cfbundle; includeInIndex = 0; path = MainListTests.xctest; sourceTree = BUILT_PRODUCTS_DIR; };
		5C1292561F6A7A2800B28D60 /* MainListTests.swift */ = {isa = PBXFileReference; lastKnownFileType = sourcecode.swift; path = MainListTests.swift; sourceTree = "<group>"; };
		5C1292581F6A7A2800B28D60 /* Info.plist */ = {isa = PBXFileReference; lastKnownFileType = text.plist.xml; path = Info.plist; sourceTree = "<group>"; };
		5CC058231F6E6B2C00DBFF3A /* NetworkProvider.swift */ = {isa = PBXFileReference; lastKnownFileType = sourcecode.swift; path = NetworkProvider.swift; sourceTree = "<group>"; };
		5CC058251F6E6BA900DBFF3A /* JSONItem.swift */ = {isa = PBXFileReference; lastKnownFileType = sourcecode.swift; path = JSONItem.swift; sourceTree = "<group>"; };
		5CC05A061F6E9D6D00DBFF3A /* DetailTableViewController.swift */ = {isa = PBXFileReference; lastKnownFileType = sourcecode.swift; path = DetailTableViewController.swift; sourceTree = "<group>"; };
		5CC8E1531F68E04800E47741 /* ServerControlledReader.app */ = {isa = PBXFileReference; explicitFileType = wrapper.application; includeInIndex = 0; path = ServerControlledReader.app; sourceTree = BUILT_PRODUCTS_DIR; };
		5CC8E1561F68E04800E47741 /* AppDelegate.swift */ = {isa = PBXFileReference; lastKnownFileType = sourcecode.swift; path = AppDelegate.swift; sourceTree = "<group>"; };
		5CC8E15B1F68E04800E47741 /* Base */ = {isa = PBXFileReference; lastKnownFileType = file.storyboard; name = Base; path = Base.lproj/Main.storyboard; sourceTree = "<group>"; };
		5CC8E15E1F68E04800E47741 /* ServerControlledReader.xcdatamodel */ = {isa = PBXFileReference; lastKnownFileType = wrapper.xcdatamodel; path = ServerControlledReader.xcdatamodel; sourceTree = "<group>"; };
		5CC8E1631F68E04800E47741 /* Base */ = {isa = PBXFileReference; lastKnownFileType = file.storyboard; name = Base; path = Base.lproj/LaunchScreen.storyboard; sourceTree = "<group>"; };
		5CC8E1651F68E04800E47741 /* Info.plist */ = {isa = PBXFileReference; lastKnownFileType = text.plist.xml; path = Info.plist; sourceTree = "<group>"; };
		5CC8E16A1F68E04800E47741 /* ServerControlledReaderTests.xctest */ = {isa = PBXFileReference; explicitFileType = wrapper.cfbundle; includeInIndex = 0; path = ServerControlledReaderTests.xctest; sourceTree = BUILT_PRODUCTS_DIR; };
		5CC8E16E1F68E04800E47741 /* ServerControlledReaderTests.swift */ = {isa = PBXFileReference; lastKnownFileType = sourcecode.swift; path = ServerControlledReaderTests.swift; sourceTree = "<group>"; };
		5CC8E1701F68E04800E47741 /* Info.plist */ = {isa = PBXFileReference; lastKnownFileType = text.plist.xml; path = Info.plist; sourceTree = "<group>"; };
		5CC8E1751F68E04800E47741 /* ServerControlledReaderUITests.xctest */ = {isa = PBXFileReference; explicitFileType = wrapper.cfbundle; includeInIndex = 0; path = ServerControlledReaderUITests.xctest; sourceTree = BUILT_PRODUCTS_DIR; };
		5CC8E1791F68E04800E47741 /* ServerControlledReaderUITests.swift */ = {isa = PBXFileReference; lastKnownFileType = sourcecode.swift; path = ServerControlledReaderUITests.swift; sourceTree = "<group>"; };
		5CC8E17B1F68E04800E47741 /* Info.plist */ = {isa = PBXFileReference; lastKnownFileType = text.plist.xml; path = Info.plist; sourceTree = "<group>"; };
		5CC8E1871F68E0E100E47741 /* MainListTableViewController.swift */ = {isa = PBXFileReference; lastKnownFileType = sourcecode.swift; path = MainListTableViewController.swift; sourceTree = "<group>"; };
/* End PBXFileReference section */

/* Begin PBXFrameworksBuildPhase section */
		5C1292511F6A7A2800B28D60 /* Frameworks */ = {
			isa = PBXFrameworksBuildPhase;
			buildActionMask = 2147483647;
			files = (
			);
			runOnlyForDeploymentPostprocessing = 0;
		};
		5CC8E1501F68E04800E47741 /* Frameworks */ = {
			isa = PBXFrameworksBuildPhase;
			buildActionMask = 2147483647;
			files = (
			);
			runOnlyForDeploymentPostprocessing = 0;
		};
		5CC8E1671F68E04800E47741 /* Frameworks */ = {
			isa = PBXFrameworksBuildPhase;
			buildActionMask = 2147483647;
			files = (
			);
			runOnlyForDeploymentPostprocessing = 0;
		};
		5CC8E1721F68E04800E47741 /* Frameworks */ = {
			isa = PBXFrameworksBuildPhase;
			buildActionMask = 2147483647;
			files = (
			);
			runOnlyForDeploymentPostprocessing = 0;
		};
/* End PBXFrameworksBuildPhase section */

/* Begin PBXGroup section */
		5C12922B1F691EC600B28D60 /* View */ = {
			isa = PBXGroup;
			children = (
				5CC8E15A1F68E04800E47741 /* Main.storyboard */,
				5CC8E1871F68E0E100E47741 /* MainListTableViewController.swift */,
				5C1292401F6A349800B28D60 /* MainListTableViewCell.swift */,
				5CC05A061F6E9D6D00DBFF3A /* DetailTableViewController.swift */,
				5C015F061F6F7BA6006015FC /* DetailListTableViewCell.swift */,
			);
			path = View;
			sourceTree = "<group>";
		};
		5C12922C1F691EE700B28D60 /* Model */ = {
			isa = PBXGroup;
			children = (
				5CC058251F6E6BA900DBFF3A /* JSONItem.swift */,
			);
			path = Model;
			sourceTree = "<group>";
		};
		5C12922E1F691F2100B28D60 /* DataManager */ = {
			isa = PBXGroup;
			children = (
				5CC8E15D1F68E04800E47741 /* ServerControlledReader.xcdatamodeld */,
				5C1292461F6A5E7300B28D60 /* MainListLocalDataManager.swift */,
			);
			path = DataManager;
			sourceTree = "<group>";
		};
		5C12922F1F691F7A00B28D60 /* ViewModel */ = {
			isa = PBXGroup;
			children = (
				5C1292421F6A353700B28D60 /* MainListViewModel.swift */,
				5C1292441F6A36EC00B28D60 /* MainListViewModelController.swift */,
				5C015F041F6F6FA8006015FC /* DetailListViewModel.swift */,
				5C015F081F6FAAF5006015FC /* DetailListViewModelController.swift */,
			);
			path = ViewModel;
			sourceTree = "<group>";
		};
		5C1292551F6A7A2800B28D60 /* MainListTests */ = {
			isa = PBXGroup;
			children = (
				5C1292561F6A7A2800B28D60 /* MainListTests.swift */,
				5C1292581F6A7A2800B28D60 /* Info.plist */,
			);
			path = MainListTests;
			sourceTree = "<group>";
		};
		5CC058221F6E6AE000DBFF3A /* NeworkManager */ = {
			isa = PBXGroup;
			children = (
				5CC058231F6E6B2C00DBFF3A /* NetworkProvider.swift */,
			);
			path = NeworkManager;
			sourceTree = "<group>";
		};
		5CC8E14A1F68E04800E47741 = {
			isa = PBXGroup;
			children = (
				5CC8E1551F68E04800E47741 /* ServerControlledReader */,
				5CC8E16D1F68E04800E47741 /* ServerControlledReaderTests */,
				5CC8E1781F68E04800E47741 /* ServerControlledReaderUITests */,
				5C1292551F6A7A2800B28D60 /* MainListTests */,
				5CC8E1541F68E04800E47741 /* Products */,
			);
			sourceTree = "<group>";
		};
		5CC8E1541F68E04800E47741 /* Products */ = {
			isa = PBXGroup;
			children = (
				5CC8E1531F68E04800E47741 /* ServerControlledReader.app */,
				5CC8E16A1F68E04800E47741 /* ServerControlledReaderTests.xctest */,
				5CC8E1751F68E04800E47741 /* ServerControlledReaderUITests.xctest */,
				5C1292541F6A7A2800B28D60 /* MainListTests.xctest */,
			);
			name = Products;
			sourceTree = "<group>";
		};
		5CC8E1551F68E04800E47741 /* ServerControlledReader */ = {
			isa = PBXGroup;
			children = (
				5CC058221F6E6AE000DBFF3A /* NeworkManager */,
				5C12922F1F691F7A00B28D60 /* ViewModel */,
				5C12922E1F691F2100B28D60 /* DataManager */,
				5C12922C1F691EE700B28D60 /* Model */,
				5C12922B1F691EC600B28D60 /* View */,
				5CC8E1561F68E04800E47741 /* AppDelegate.swift */,
				5CC8E1621F68E04800E47741 /* LaunchScreen.storyboard */,
				5C015F0A1F6FAFA0006015FC /* Assets.xcassets */,
				5CC8E1651F68E04800E47741 /* Info.plist */,
				5C015F0C1F70CBCD006015FC /* Constans.swift */,
			);
			path = ServerControlledReader;
			sourceTree = "<group>";
		};
		5CC8E16D1F68E04800E47741 /* ServerControlledReaderTests */ = {
			isa = PBXGroup;
			children = (
				5CC8E16E1F68E04800E47741 /* ServerControlledReaderTests.swift */,
				5CC8E1701F68E04800E47741 /* Info.plist */,
				5C1292481F6A718800B28D60 /* MainListViewModelTests.swift */,
			);
			path = ServerControlledReaderTests;
			sourceTree = "<group>";
		};
		5CC8E1781F68E04800E47741 /* ServerControlledReaderUITests */ = {
			isa = PBXGroup;
			children = (
				5CC8E1791F68E04800E47741 /* ServerControlledReaderUITests.swift */,
				5CC8E17B1F68E04800E47741 /* Info.plist */,
			);
			path = ServerControlledReaderUITests;
			sourceTree = "<group>";
		};
/* End PBXGroup section */

/* Begin PBXNativeTarget section */
		5C1292531F6A7A2800B28D60 /* MainListTests */ = {
			isa = PBXNativeTarget;
			buildConfigurationList = 5C12925B1F6A7A2800B28D60 /* Build configuration list for PBXNativeTarget "MainListTests" */;
			buildPhases = (
				5C1292501F6A7A2800B28D60 /* Sources */,
				5C1292511F6A7A2800B28D60 /* Frameworks */,
				5C1292521F6A7A2800B28D60 /* Resources */,
			);
			buildRules = (
			);
			dependencies = (
				5C12925A1F6A7A2800B28D60 /* PBXTargetDependency */,
			);
			name = MainListTests;
			productName = MainListTests;
			productReference = 5C1292541F6A7A2800B28D60 /* MainListTests.xctest */;
			productType = "com.apple.product-type.bundle.unit-test";
		};
		5CC8E1521F68E04800E47741 /* ServerControlledReader */ = {
			isa = PBXNativeTarget;
			buildConfigurationList = 5CC8E17E1F68E04800E47741 /* Build configuration list for PBXNativeTarget "ServerControlledReader" */;
			buildPhases = (
				5CC8E14F1F68E04800E47741 /* Sources */,
				5CC8E1501F68E04800E47741 /* Frameworks */,
				5CC8E1511F68E04800E47741 /* Resources */,
			);
			buildRules = (
			);
			dependencies = (
			);
			name = ServerControlledReader;
			productName = ServerControlledReader;
			productReference = 5CC8E1531F68E04800E47741 /* ServerControlledReader.app */;
			productType = "com.apple.product-type.application";
		};
		5CC8E1691F68E04800E47741 /* ServerControlledReaderTests */ = {
			isa = PBXNativeTarget;
			buildConfigurationList = 5CC8E1811F68E04800E47741 /* Build configuration list for PBXNativeTarget "ServerControlledReaderTests" */;
			buildPhases = (
				5CC8E1661F68E04800E47741 /* Sources */,
				5CC8E1671F68E04800E47741 /* Frameworks */,
				5CC8E1681F68E04800E47741 /* Resources */,
			);
			buildRules = (
			);
			dependencies = (
				5CC8E16C1F68E04800E47741 /* PBXTargetDependency */,
			);
			name = ServerControlledReaderTests;
			productName = ServerControlledReaderTests;
			productReference = 5CC8E16A1F68E04800E47741 /* ServerControlledReaderTests.xctest */;
			productType = "com.apple.product-type.bundle.unit-test";
		};
		5CC8E1741F68E04800E47741 /* ServerControlledReaderUITests */ = {
			isa = PBXNativeTarget;
			buildConfigurationList = 5CC8E1841F68E04800E47741 /* Build configuration list for PBXNativeTarget "ServerControlledReaderUITests" */;
			buildPhases = (
				5CC8E1711F68E04800E47741 /* Sources */,
				5CC8E1721F68E04800E47741 /* Frameworks */,
				5CC8E1731F68E04800E47741 /* Resources */,
			);
			buildRules = (
			);
			dependencies = (
				5CC8E1771F68E04800E47741 /* PBXTargetDependency */,
			);
			name = ServerControlledReaderUITests;
			productName = ServerControlledReaderUITests;
			productReference = 5CC8E1751F68E04800E47741 /* ServerControlledReaderUITests.xctest */;
			productType = "com.apple.product-type.bundle.ui-testing";
		};
/* End PBXNativeTarget section */

/* Begin PBXProject section */
		5CC8E14B1F68E04800E47741 /* Project object */ = {
			isa = PBXProject;
			attributes = {
				LastSwiftUpdateCheck = 0900;
				LastUpgradeCheck = 0900;
				ORGANIZATIONNAME = certainly;
				TargetAttributes = {
					5C1292531F6A7A2800B28D60 = {
						CreatedOnToolsVersion = 9.0;
						ProvisioningStyle = Automatic;
						TestTargetID = 5CC8E1521F68E04800E47741;
					};
					5CC8E1521F68E04800E47741 = {
						CreatedOnToolsVersion = 9.0;
						ProvisioningStyle = Automatic;
					};
					5CC8E1691F68E04800E47741 = {
						CreatedOnToolsVersion = 9.0;
						ProvisioningStyle = Automatic;
						TestTargetID = 5CC8E1521F68E04800E47741;
					};
					5CC8E1741F68E04800E47741 = {
						CreatedOnToolsVersion = 9.0;
						ProvisioningStyle = Automatic;
						TestTargetID = 5CC8E1521F68E04800E47741;
					};
				};
			};
			buildConfigurationList = 5CC8E14E1F68E04800E47741 /* Build configuration list for PBXProject "ServerControlledReader" */;
			compatibilityVersion = "Xcode 8.0";
			developmentRegion = en;
			hasScannedForEncodings = 0;
			knownRegions = (
				en,
				Base,
			);
			mainGroup = 5CC8E14A1F68E04800E47741;
			productRefGroup = 5CC8E1541F68E04800E47741 /* Products */;
			projectDirPath = "";
			projectRoot = "";
			targets = (
				5CC8E1521F68E04800E47741 /* ServerControlledReader */,
				5CC8E1691F68E04800E47741 /* ServerControlledReaderTests */,
				5CC8E1741F68E04800E47741 /* ServerControlledReaderUITests */,
				5C1292531F6A7A2800B28D60 /* MainListTests */,
			);
		};
/* End PBXProject section */

/* Begin PBXResourcesBuildPhase section */
		5C1292521F6A7A2800B28D60 /* Resources */ = {
			isa = PBXResourcesBuildPhase;
			buildActionMask = 2147483647;
			files = (
			);
			runOnlyForDeploymentPostprocessing = 0;
		};
		5CC8E1511F68E04800E47741 /* Resources */ = {
			isa = PBXResourcesBuildPhase;
			buildActionMask = 2147483647;
			files = (
				5CC8E1641F68E04800E47741 /* LaunchScreen.storyboard in Resources */,
				5C015F0B1F6FB3D5006015FC /* Assets.xcassets in Resources */,
				5CC8E15C1F68E04800E47741 /* Main.storyboard in Resources */,
			);
			runOnlyForDeploymentPostprocessing = 0;
		};
		5CC8E1681F68E04800E47741 /* Resources */ = {
			isa = PBXResourcesBuildPhase;
			buildActionMask = 2147483647;
			files = (
			);
			runOnlyForDeploymentPostprocessing = 0;
		};
		5CC8E1731F68E04800E47741 /* Resources */ = {
			isa = PBXResourcesBuildPhase;
			buildActionMask = 2147483647;
			files = (
			);
			runOnlyForDeploymentPostprocessing = 0;
		};
/* End PBXResourcesBuildPhase section */

/* Begin PBXSourcesBuildPhase section */
		5C1292501F6A7A2800B28D60 /* Sources */ = {
			isa = PBXSourcesBuildPhase;
			buildActionMask = 2147483647;
			files = (
				5C1292571F6A7A2800B28D60 /* MainListTests.swift in Sources */,
				5C12925E1F6A7A2E00B28D60 /* MainListViewModelTests.swift in Sources */,
			);
			runOnlyForDeploymentPostprocessing = 0;
		};
		5CC8E14F1F68E04800E47741 /* Sources */ = {
			isa = PBXSourcesBuildPhase;
			buildActionMask = 2147483647;
			files = (
				5CC05A071F6E9D6D00DBFF3A /* DetailTableViewController.swift in Sources */,
				5C1292471F6A5E7300B28D60 /* MainListLocalDataManager.swift in Sources */,
				5CC8E1881F68E0E100E47741 /* MainListTableViewController.swift in Sources */,
				5CC8E15F1F68E04800E47741 /* ServerControlledReader.xcdatamodeld in Sources */,
				5C1292431F6A353700B28D60 /* MainListViewModel.swift in Sources */,
				5CC8E1571F68E04800E47741 /* AppDelegate.swift in Sources */,
				5C1292411F6A349800B28D60 /* MainListTableViewCell.swift in Sources */,
				5C015F051F6F6FA8006015FC /* DetailListViewModel.swift in Sources */,
				5CC058261F6E6BA900DBFF3A /* JSONItem.swift in Sources */,
				5C1292451F6A36EC00B28D60 /* MainListViewModelController.swift in Sources */,
				5C015F071F6F7BA6006015FC /* DetailListTableViewCell.swift in Sources */,
				5C015F091F6FAAF5006015FC /* DetailListViewModelController.swift in Sources */,
				5C015F0D1F70CBCD006015FC /* Constans.swift in Sources */,
				5CC058241F6E6B2C00DBFF3A /* NetworkProvider.swift in Sources */,
			);
			runOnlyForDeploymentPostprocessing = 0;
		};
		5CC8E1661F68E04800E47741 /* Sources */ = {
			isa = PBXSourcesBuildPhase;
			buildActionMask = 2147483647;
			files = (
				5CC05A0D1F6EAA7000DBFF3A /* ServerControlledReader.xcdatamodeld in Sources */,
				5CC8E16F1F68E04800E47741 /* ServerControlledReaderTests.swift in Sources */,
			);
			runOnlyForDeploymentPostprocessing = 0;
		};
		5CC8E1711F68E04800E47741 /* Sources */ = {
			isa = PBXSourcesBuildPhase;
			buildActionMask = 2147483647;
			files = (
				5CC8E17A1F68E04800E47741 /* ServerControlledReaderUITests.swift in Sources */,
			);
			runOnlyForDeploymentPostprocessing = 0;
		};
/* End PBXSourcesBuildPhase section */

/* Begin PBXTargetDependency section */
		5C12925A1F6A7A2800B28D60 /* PBXTargetDependency */ = {
			isa = PBXTargetDependency;
			target = 5CC8E1521F68E04800E47741 /* ServerControlledReader */;
			targetProxy = 5C1292591F6A7A2800B28D60 /* PBXContainerItemProxy */;
		};
		5CC8E16C1F68E04800E47741 /* PBXTargetDependency */ = {
			isa = PBXTargetDependency;
			target = 5CC8E1521F68E04800E47741 /* ServerControlledReader */;
			targetProxy = 5CC8E16B1F68E04800E47741 /* PBXContainerItemProxy */;
		};
		5CC8E1771F68E04800E47741 /* PBXTargetDependency */ = {
			isa = PBXTargetDependency;
			target = 5CC8E1521F68E04800E47741 /* ServerControlledReader */;
			targetProxy = 5CC8E1761F68E04800E47741 /* PBXContainerItemProxy */;
		};
/* End PBXTargetDependency section */

/* Begin PBXVariantGroup section */
		5CC8E15A1F68E04800E47741 /* Main.storyboard */ = {
			isa = PBXVariantGroup;
			children = (
				5CC8E15B1F68E04800E47741 /* Base */,
			);
			name = Main.storyboard;
			sourceTree = "<group>";
		};
		5CC8E1621F68E04800E47741 /* LaunchScreen.storyboard */ = {
			isa = PBXVariantGroup;
			children = (
				5CC8E1631F68E04800E47741 /* Base */,
			);
			name = LaunchScreen.storyboard;
			sourceTree = "<group>";
		};
/* End PBXVariantGroup section */

/* Begin XCBuildConfiguration section */
		5C12925C1F6A7A2800B28D60 /* Debug */ = {
			isa = XCBuildConfiguration;
			buildSettings = {
				BUNDLE_LOADER = "$(TEST_HOST)";
				CODE_SIGN_STYLE = Automatic;
				DEVELOPMENT_TEAM = 62ZVP5G4A2;
				INFOPLIST_FILE = MainListTests/Info.plist;
				LD_RUNPATH_SEARCH_PATHS = "$(inherited) @executable_path/Frameworks @loader_path/Frameworks";
				PRODUCT_BUNDLE_IDENTIFIER = com.certainly.MainListTests;
				PRODUCT_NAME = "$(TARGET_NAME)";
				SWIFT_VERSION = 4.0;
				TARGETED_DEVICE_FAMILY = "1,2";
				TEST_HOST = "$(BUILT_PRODUCTS_DIR)/ServerControlledReader.app/ServerControlledReader";
			};
			name = Debug;
		};
		5C12925D1F6A7A2800B28D60 /* Release */ = {
			isa = XCBuildConfiguration;
			buildSettings = {
				BUNDLE_LOADER = "$(TEST_HOST)";
				CODE_SIGN_STYLE = Automatic;
				DEVELOPMENT_TEAM = 62ZVP5G4A2;
				INFOPLIST_FILE = MainListTests/Info.plist;
				LD_RUNPATH_SEARCH_PATHS = "$(inherited) @executable_path/Frameworks @loader_path/Frameworks";
				PRODUCT_BUNDLE_IDENTIFIER = com.certainly.MainListTests;
				PRODUCT_NAME = "$(TARGET_NAME)";
				SWIFT_VERSION = 4.0;
				TARGETED_DEVICE_FAMILY = "1,2";
				TEST_HOST = "$(BUILT_PRODUCTS_DIR)/ServerControlledReader.app/ServerControlledReader";
			};
			name = Release;
		};
		5CC8E17C1F68E04800E47741 /* Debug */ = {
			isa = XCBuildConfiguration;
			buildSettings = {
				ALWAYS_SEARCH_USER_PATHS = NO;
				CLANG_ANALYZER_NONNULL = YES;
				CLANG_ANALYZER_NUMBER_OBJECT_CONVERSION = YES_AGGRESSIVE;
				CLANG_CXX_LANGUAGE_STANDARD = "gnu++14";
				CLANG_CXX_LIBRARY = "libc++";
				CLANG_ENABLE_MODULES = YES;
				CLANG_ENABLE_OBJC_ARC = YES;
				CLANG_WARN_BLOCK_CAPTURE_AUTORELEASING = YES;
				CLANG_WARN_BOOL_CONVERSION = YES;
				CLANG_WARN_COMMA = YES;
				CLANG_WARN_CONSTANT_CONVERSION = YES;
				CLANG_WARN_DIRECT_OBJC_ISA_USAGE = YES_ERROR;
				CLANG_WARN_DOCUMENTATION_COMMENTS = YES;
				CLANG_WARN_EMPTY_BODY = YES;
				CLANG_WARN_ENUM_CONVERSION = YES;
				CLANG_WARN_INFINITE_RECURSION = YES;
				CLANG_WARN_INT_CONVERSION = YES;
				CLANG_WARN_NON_LITERAL_NULL_CONVERSION = YES;
				CLANG_WARN_OBJC_LITERAL_CONVERSION = YES;
				CLANG_WARN_OBJC_ROOT_CLASS = YES_ERROR;
				CLANG_WARN_RANGE_LOOP_ANALYSIS = YES;
				CLANG_WARN_STRICT_PROTOTYPES = YES;
				CLANG_WARN_SUSPICIOUS_MOVE = YES;
				CLANG_WARN_UNGUARDED_AVAILABILITY = YES_AGGRESSIVE;
				CLANG_WARN_UNREACHABLE_CODE = YES;
				CLANG_WARN__DUPLICATE_METHOD_MATCH = YES;
				CODE_SIGN_IDENTITY = "iPhone Developer";
				COPY_PHASE_STRIP = NO;
				DEBUG_INFORMATION_FORMAT = dwarf;
				ENABLE_STRICT_OBJC_MSGSEND = YES;
				ENABLE_TESTABILITY = YES;
				GCC_C_LANGUAGE_STANDARD = gnu11;
				GCC_DYNAMIC_NO_PIC = NO;
				GCC_NO_COMMON_BLOCKS = YES;
				GCC_OPTIMIZATION_LEVEL = 0;
				GCC_PREPROCESSOR_DEFINITIONS = (
					"DEBUG=1",
					"$(inherited)",
				);
				GCC_WARN_64_TO_32_BIT_CONVERSION = YES;
				GCC_WARN_ABOUT_RETURN_TYPE = YES_ERROR;
				GCC_WARN_UNDECLARED_SELECTOR = YES;
				GCC_WARN_UNINITIALIZED_AUTOS = YES_AGGRESSIVE;
				GCC_WARN_UNUSED_FUNCTION = YES;
				GCC_WARN_UNUSED_VARIABLE = YES;
				IPHONEOS_DEPLOYMENT_TARGET = 11.0;
				MTL_ENABLE_DEBUG_INFO = YES;
				ONLY_ACTIVE_ARCH = YES;
				SDKROOT = iphoneos;
				SWIFT_ACTIVE_COMPILATION_CONDITIONS = DEBUG;
				SWIFT_OPTIMIZATION_LEVEL = "-Onone";
			};
			name = Debug;
		};
		5CC8E17D1F68E04800E47741 /* Release */ = {
			isa = XCBuildConfiguration;
			buildSettings = {
				ALWAYS_SEARCH_USER_PATHS = NO;
				CLANG_ANALYZER_NONNULL = YES;
				CLANG_ANALYZER_NUMBER_OBJECT_CONVERSION = YES_AGGRESSIVE;
				CLANG_CXX_LANGUAGE_STANDARD = "gnu++14";
				CLANG_CXX_LIBRARY = "libc++";
				CLANG_ENABLE_MODULES = YES;
				CLANG_ENABLE_OBJC_ARC = YES;
				CLANG_WARN_BLOCK_CAPTURE_AUTORELEASING = YES;
				CLANG_WARN_BOOL_CONVERSION = YES;
				CLANG_WARN_COMMA = YES;
				CLANG_WARN_CONSTANT_CONVERSION = YES;
				CLANG_WARN_DIRECT_OBJC_ISA_USAGE = YES_ERROR;
				CLANG_WARN_DOCUMENTATION_COMMENTS = YES;
				CLANG_WARN_EMPTY_BODY = YES;
				CLANG_WARN_ENUM_CONVERSION = YES;
				CLANG_WARN_INFINITE_RECURSION = YES;
				CLANG_WARN_INT_CONVERSION = YES;
				CLANG_WARN_NON_LITERAL_NULL_CONVERSION = YES;
				CLANG_WARN_OBJC_LITERAL_CONVERSION = YES;
				CLANG_WARN_OBJC_ROOT_CLASS = YES_ERROR;
				CLANG_WARN_RANGE_LOOP_ANALYSIS = YES;
				CLANG_WARN_STRICT_PROTOTYPES = YES;
				CLANG_WARN_SUSPICIOUS_MOVE = YES;
				CLANG_WARN_UNGUARDED_AVAILABILITY = YES_AGGRESSIVE;
				CLANG_WARN_UNREACHABLE_CODE = YES;
				CLANG_WARN__DUPLICATE_METHOD_MATCH = YES;
				CODE_SIGN_IDENTITY = "iPhone Developer";
				COPY_PHASE_STRIP = NO;
				DEBUG_INFORMATION_FORMAT = "dwarf-with-dsym";
				ENABLE_NS_ASSERTIONS = NO;
				ENABLE_STRICT_OBJC_MSGSEND = YES;
				GCC_C_LANGUAGE_STANDARD = gnu11;
				GCC_NO_COMMON_BLOCKS = YES;
				GCC_WARN_64_TO_32_BIT_CONVERSION = YES;
				GCC_WARN_ABOUT_RETURN_TYPE = YES_ERROR;
				GCC_WARN_UNDECLARED_SELECTOR = YES;
				GCC_WARN_UNINITIALIZED_AUTOS = YES_AGGRESSIVE;
				GCC_WARN_UNUSED_FUNCTION = YES;
				GCC_WARN_UNUSED_VARIABLE = YES;
				IPHONEOS_DEPLOYMENT_TARGET = 11.0;
				MTL_ENABLE_DEBUG_INFO = NO;
				SDKROOT = iphoneos;
				SWIFT_OPTIMIZATION_LEVEL = "-Owholemodule";
				VALIDATE_PRODUCT = YES;
			};
			name = Release;
		};
		5CC8E17F1F68E04800E47741 /* Debug */ = {
			isa = XCBuildConfiguration;
			buildSettings = {
				ASSETCATALOG_COMPILER_APPICON_NAME = AppIcon;
				CODE_SIGN_STYLE = Automatic;
				DEVELOPMENT_TEAM = 62ZVP5G4A2;
				INFOPLIST_FILE = ServerControlledReader/Info.plist;
				LD_RUNPATH_SEARCH_PATHS = "$(inherited) @executable_path/Frameworks";
				PRODUCT_BUNDLE_IDENTIFIER = com.certainly.ServerControlledReader;
				PRODUCT_NAME = "$(TARGET_NAME)";
				SWIFT_VERSION = 4.0;
				TARGETED_DEVICE_FAMILY = "1,2";
			};
			name = Debug;
		};
		5CC8E1801F68E04800E47741 /* Release */ = {
			isa = XCBuildConfiguration;
			buildSettings = {
				ASSETCATALOG_COMPILER_APPICON_NAME = AppIcon;
				CODE_SIGN_STYLE = Automatic;
				DEVELOPMENT_TEAM = 62ZVP5G4A2;
				INFOPLIST_FILE = ServerControlledReader/Info.plist;
				LD_RUNPATH_SEARCH_PATHS = "$(inherited) @executable_path/Frameworks";
				PRODUCT_BUNDLE_IDENTIFIER = com.certainly.ServerControlledReader;
				PRODUCT_NAME = "$(TARGET_NAME)";
				SWIFT_VERSION = 4.0;
				TARGETED_DEVICE_FAMILY = "1,2";
			};
			name = Release;
		};
		5CC8E1821F68E04800E47741 /* Debug */ = {
			isa = XCBuildConfiguration;
			buildSettings = {
				ALWAYS_EMBED_SWIFT_STANDARD_LIBRARIES = YES;
				BUNDLE_LOADER = "$(TEST_HOST)";
				CODE_SIGN_STYLE = Automatic;
				DEVELOPMENT_TEAM = 62ZVP5G4A2;
				INFOPLIST_FILE = ServerControlledReaderTests/Info.plist;
				LD_RUNPATH_SEARCH_PATHS = "$(inherited) @executable_path/Frameworks @loader_path/Frameworks";
				PRODUCT_BUNDLE_IDENTIFIER = com.certainly.ServerControlledReaderTests;
				PRODUCT_NAME = "$(TARGET_NAME)";
				SWIFT_VERSION = 4.0;
				TARGETED_DEVICE_FAMILY = "1,2";
				TEST_HOST = "$(BUILT_PRODUCTS_DIR)/ServerControlledReader.app/ServerControlledReader";
			};
			name = Debug;
		};
		5CC8E1831F68E04800E47741 /* Release */ = {
			isa = XCBuildConfiguration;
			buildSettings = {
				ALWAYS_EMBED_SWIFT_STANDARD_LIBRARIES = YES;
				BUNDLE_LOADER = "$(TEST_HOST)";
				CODE_SIGN_STYLE = Automatic;
				DEVELOPMENT_TEAM = 62ZVP5G4A2;
				INFOPLIST_FILE = ServerControlledReaderTests/Info.plist;
				LD_RUNPATH_SEARCH_PATHS = "$(inherited) @executable_path/Frameworks @loader_path/Frameworks";
				PRODUCT_BUNDLE_IDENTIFIER = com.certainly.ServerControlledReaderTests;
				PRODUCT_NAME = "$(TARGET_NAME)";
				SWIFT_VERSION = 4.0;
				TARGETED_DEVICE_FAMILY = "1,2";
				TEST_HOST = "$(BUILT_PRODUCTS_DIR)/ServerControlledReader.app/ServerControlledReader";
			};
			name = Release;
		};
		5CC8E1851F68E04800E47741 /* Debug */ = {
			isa = XCBuildConfiguration;
			buildSettings = {
				ALWAYS_EMBED_SWIFT_STANDARD_LIBRARIES = YES;
				CODE_SIGN_STYLE = Automatic;
				DEVELOPMENT_TEAM = 62ZVP5G4A2;
				INFOPLIST_FILE = ServerControlledReaderUITests/Info.plist;
				LD_RUNPATH_SEARCH_PATHS = "$(inherited) @executable_path/Frameworks @loader_path/Frameworks";
				PRODUCT_BUNDLE_IDENTIFIER = com.certainly.ServerControlledReaderUITests;
				PRODUCT_NAME = "$(TARGET_NAME)";
				SWIFT_VERSION = 4.0;
				TARGETED_DEVICE_FAMILY = "1,2";
				TEST_TARGET_NAME = ServerControlledReader;
			};
			name = Debug;
		};
		5CC8E1861F68E04800E47741 /* Release */ = {
			isa = XCBuildConfiguration;
			buildSettings = {
				ALWAYS_EMBED_SWIFT_STANDARD_LIBRARIES = YES;
				CODE_SIGN_STYLE = Automatic;
				DEVELOPMENT_TEAM = 62ZVP5G4A2;
				INFOPLIST_FILE = ServerControlledReaderUITests/Info.plist;
				LD_RUNPATH_SEARCH_PATHS = "$(inherited) @executable_path/Frameworks @loader_path/Frameworks";
				PRODUCT_BUNDLE_IDENTIFIER = com.certainly.ServerControlledReaderUITests;
				PRODUCT_NAME = "$(TARGET_NAME)";
				SWIFT_VERSION = 4.0;
				TARGETED_DEVICE_FAMILY = "1,2";
				TEST_TARGET_NAME = ServerControlledReader;
			};
			name = Release;
		};
/* End XCBuildConfiguration section */

/* Begin XCConfigurationList section */
		5C12925B1F6A7A2800B28D60 /* Build configuration list for PBXNativeTarget "MainListTests" */ = {
			isa = XCConfigurationList;
			buildConfigurations = (
				5C12925C1F6A7A2800B28D60 /* Debug */,
				5C12925D1F6A7A2800B28D60 /* Release */,
			);
			defaultConfigurationIsVisible = 0;
			defaultConfigurationName = Release;
		};
		5CC8E14E1F68E04800E47741 /* Build configuration list for PBXProject "ServerControlledReader" */ = {
			isa = XCConfigurationList;
			buildConfigurations = (
				5CC8E17C1F68E04800E47741 /* Debug */,
				5CC8E17D1F68E04800E47741 /* Release */,
			);
			defaultConfigurationIsVisible = 0;
			defaultConfigurationName = Release;
		};
		5CC8E17E1F68E04800E47741 /* Build configuration list for PBXNativeTarget "ServerControlledReader" */ = {
			isa = XCConfigurationList;
			buildConfigurations = (
				5CC8E17F1F68E04800E47741 /* Debug */,
				5CC8E1801F68E04800E47741 /* Release */,
			);
			defaultConfigurationIsVisible = 0;
			defaultConfigurationName = Release;
		};
		5CC8E1811F68E04800E47741 /* Build configuration list for PBXNativeTarget "ServerControlledReaderTests" */ = {
			isa = XCConfigurationList;
			buildConfigurations = (
				5CC8E1821F68E04800E47741 /* Debug */,
				5CC8E1831F68E04800E47741 /* Release */,
			);
			defaultConfigurationIsVisible = 0;
			defaultConfigurationName = Release;
		};
		5CC8E1841F68E04800E47741 /* Build configuration list for PBXNativeTarget "ServerControlledReaderUITests" */ = {
			isa = XCConfigurationList;
			buildConfigurations = (
				5CC8E1851F68E04800E47741 /* Debug */,
				5CC8E1861F68E04800E47741 /* Release */,
			);
			defaultConfigurationIsVisible = 0;
			defaultConfigurationName = Release;
		};
/* End XCConfigurationList section */

/* Begin XCVersionGroup section */
		5CC8E15D1F68E04800E47741 /* ServerControlledReader.xcdatamodeld */ = {
			isa = XCVersionGroup;
			children = (
				5CC8E15E1F68E04800E47741 /* ServerControlledReader.xcdatamodel */,
			);
			currentVersion = 5CC8E15E1F68E04800E47741 /* ServerControlledReader.xcdatamodel */;
			path = ServerControlledReader.xcdatamodeld;
			sourceTree = "<group>";
			versionGroupType = wrapper.xcdatamodel;
		};
/* End XCVersionGroup section */
	};
	rootObject = 5CC8E14B1F68E04800E47741 /* Project object */;
}
